// !$*UTF8*$!
{
	archiveVersion = 1;
	classes = {
	};
	objectVersion = 50;
	objects = {

/* Begin PBXBuildFile section */
		013C9090245C83EA009264D9 /* AppDelegate.swift in Sources */ = {isa = PBXBuildFile; fileRef = 013C908F245C83EA009264D9 /* AppDelegate.swift */; };
		013C9092245C83EA009264D9 /* SceneDelegate.swift in Sources */ = {isa = PBXBuildFile; fileRef = 013C9091245C83EA009264D9 /* SceneDelegate.swift */; };
		013C9094245C83EA009264D9 /* ViewController.swift in Sources */ = {isa = PBXBuildFile; fileRef = 013C9093245C83EA009264D9 /* ViewController.swift */; };
		013C9097245C83EA009264D9 /* Main.storyboard in Resources */ = {isa = PBXBuildFile; fileRef = 013C9095245C83EA009264D9 /* Main.storyboard */; };
		013C9099245C83EC009264D9 /* Assets.xcassets in Resources */ = {isa = PBXBuildFile; fileRef = 013C9098245C83EC009264D9 /* Assets.xcassets */; };
		013C909C245C83EC009264D9 /* LaunchScreen.storyboard in Resources */ = {isa = PBXBuildFile; fileRef = 013C909A245C83EC009264D9 /* LaunchScreen.storyboard */; };
		013C90A5245C842E009264D9 /* dictionary.swift in Sources */ = {isa = PBXBuildFile; fileRef = 013C90A4245C842E009264D9 /* dictionary.swift */; };
		013C90AA245C8B66009264D9 /* szotar.json in Resources */ = {isa = PBXBuildFile; fileRef = 013C90A9245C8B66009264D9 /* szotar.json */; };
/* End PBXBuildFile section */

/* Begin PBXFileReference section */
		013C908C245C83EA009264D9 /* skovoroda.app */ = {isa = PBXFileReference; explicitFileType = wrapper.application; includeInIndex = 0; path = skovoroda.app; sourceTree = BUILT_PRODUCTS_DIR; };
		013C908F245C83EA009264D9 /* AppDelegate.swift */ = {isa = PBXFileReference; lastKnownFileType = sourcecode.swift; path = AppDelegate.swift; sourceTree = "<group>"; };
		013C9091245C83EA009264D9 /* SceneDelegate.swift */ = {isa = PBXFileReference; lastKnownFileType = sourcecode.swift; path = SceneDelegate.swift; sourceTree = "<group>"; };
		013C9093245C83EA009264D9 /* ViewController.swift */ = {isa = PBXFileReference; lastKnownFileType = sourcecode.swift; path = ViewController.swift; sourceTree = "<group>"; };
		013C9096245C83EA009264D9 /* Base */ = {isa = PBXFileReference; lastKnownFileType = file.storyboard; name = Base; path = Base.lproj/Main.storyboard; sourceTree = "<group>"; };
		013C9098245C83EC009264D9 /* Assets.xcassets */ = {isa = PBXFileReference; lastKnownFileType = folder.assetcatalog; path = Assets.xcassets; sourceTree = "<group>"; };
		013C909B245C83EC009264D9 /* Base */ = {isa = PBXFileReference; lastKnownFileType = file.storyboard; name = Base; path = Base.lproj/LaunchScreen.storyboard; sourceTree = "<group>"; };
		013C909D245C83EC009264D9 /* Info.plist */ = {isa = PBXFileReference; lastKnownFileType = text.plist.xml; path = Info.plist; sourceTree = "<group>"; };
		013C90A4245C842E009264D9 /* dictionary.swift */ = {isa = PBXFileReference; lastKnownFileType = sourcecode.swift; path = dictionary.swift; sourceTree = "<group>"; };
		013C90A9245C8B66009264D9 /* szotar.json */ = {isa = PBXFileReference; lastKnownFileType = text.json; path = szotar.json; sourceTree = "<group>"; };
/* End PBXFileReference section */

/* Begin PBXFrameworksBuildPhase section */
		013C9089245C83EA009264D9 /* Frameworks */ = {
			isa = PBXFrameworksBuildPhase;
			buildActionMask = 2147483647;
			files = (
			);
			runOnlyForDeploymentPostprocessing = 0;
		};
/* End PBXFrameworksBuildPhase section */

/* Begin PBXGroup section */
		013C9083245C83EA009264D9 = {
			isa = PBXGroup;
			children = (
				013C908E245C83EA009264D9 /* skovoroda */,
				013C908D245C83EA009264D9 /* Products */,
			);
			sourceTree = "<group>";
		};
		013C908D245C83EA009264D9 /* Products */ = {
			isa = PBXGroup;
			children = (
				013C908C245C83EA009264D9 /* skovoroda.app */,
			);
			name = Products;
			sourceTree = "<group>";
		};
		013C908E245C83EA009264D9 /* skovoroda */ = {
			isa = PBXGroup;
			children = (
				013C90A9245C8B66009264D9 /* szotar.json */,
				013C90A3245C8407009264D9 /* models */,
				013C908F245C83EA009264D9 /* AppDelegate.swift */,
				013C9091245C83EA009264D9 /* SceneDelegate.swift */,
				013C9093245C83EA009264D9 /* ViewController.swift */,
				013C9095245C83EA009264D9 /* Main.storyboard */,
				013C9098245C83EC009264D9 /* Assets.xcassets */,
				013C909A245C83EC009264D9 /* LaunchScreen.storyboard */,
				013C909D245C83EC009264D9 /* Info.plist */,
			);
			path = skovoroda;
			sourceTree = "<group>";
		};
		013C90A3245C8407009264D9 /* models */ = {
			isa = PBXGroup;
			children = (
				013C90A4245C842E009264D9 /* dictionary.swift */,
			);
			path = models;
			sourceTree = "<group>";
		};
/* End PBXGroup section */

/* Begin PBXNativeTarget section */
		013C908B245C83EA009264D9 /* skovoroda */ = {
			isa = PBXNativeTarget;
			buildConfigurationList = 013C90A0245C83EC009264D9 /* Build configuration list for PBXNativeTarget "skovoroda" */;
			buildPhases = (
				013C9088245C83EA009264D9 /* Sources */,
				013C9089245C83EA009264D9 /* Frameworks */,
				013C908A245C83EA009264D9 /* Resources */,
			);
			buildRules = (
			);
			dependencies = (
			);
			name = skovoroda;
			productName = skovoroda;
			productReference = 013C908C245C83EA009264D9 /* skovoroda.app */;
			productType = "com.apple.product-type.application";
		};
/* End PBXNativeTarget section */

/* Begin PBXProject section */
		013C9084245C83EA009264D9 /* Project object */ = {
			isa = PBXProject;
			attributes = {
				LastSwiftUpdateCheck = 1130;
				LastUpgradeCheck = 1130;
				ORGANIZATIONNAME = "Andras Gyacsok";
				TargetAttributes = {
					013C908B245C83EA009264D9 = {
						CreatedOnToolsVersion = 11.3.1;
					};
				};
			};
			buildConfigurationList = 013C9087245C83EA009264D9 /* Build configuration list for PBXProject "skovoroda" */;
			compatibilityVersion = "Xcode 9.3";
			developmentRegion = en;
			hasScannedForEncodings = 0;
			knownRegions = (
				en,
				Base,
			);
			mainGroup = 013C9083245C83EA009264D9;
			productRefGroup = 013C908D245C83EA009264D9 /* Products */;
			projectDirPath = "";
			projectRoot = "";
			targets = (
				013C908B245C83EA009264D9 /* skovoroda */,
			);
		};
/* End PBXProject section */

/* Begin PBXResourcesBuildPhase section */
		013C908A245C83EA009264D9 /* Resources */ = {
			isa = PBXResourcesBuildPhase;
			buildActionMask = 2147483647;
			files = (
				013C909C245C83EC009264D9 /* LaunchScreen.storyboard in Resources */,
				013C9099245C83EC009264D9 /* Assets.xcassets in Resources */,
				013C90AA245C8B66009264D9 /* szotar.json in Resources */,
				013C9097245C83EA009264D9 /* Main.storyboard in Resources */,
			);
			runOnlyForDeploymentPostprocessing = 0;
		};
/* End PBXResourcesBuildPhase section */

/* Begin PBXSourcesBuildPhase section */
		013C9088245C83EA009264D9 /* Sources */ = {
			isa = PBXSourcesBuildPhase;
			buildActionMask = 2147483647;
			files = (
				013C9094245C83EA009264D9 /* ViewController.swift in Sources */,
				013C90A5245C842E009264D9 /* dictionary.swift in Sources */,
				013C9090245C83EA009264D9 /* AppDelegate.swift in Sources */,
				013C9092245C83EA009264D9 /* SceneDelegate.swift in Sources */,
			);
			runOnlyForDeploymentPostprocessing = 0;
		};
/* End PBXSourcesBuildPhase section */

/* Begin PBXVariantGroup section */
		013C9095245C83EA009264D9 /* Main.storyboard */ = {
			isa = PBXVariantGroup;
			children = (
				013C9096245C83EA009264D9 /* Base */,
			);
			name = Main.storyboard;
			sourceTree = "<group>";
		};
		013C909A245C83EC009264D9 /* LaunchScreen.storyboard */ = {
			isa = PBXVariantGroup;
			children = (
				013C909B245C83EC009264D9 /* Base */,
			);
			name = LaunchScreen.storyboard;
			sourceTree = "<group>";
		};
/* End PBXVariantGroup section */

/* Begin XCBuildConfiguration section */
		013C909E245C83EC009264D9 /* Debug */ = {
			isa = XCBuildConfiguration;
			buildSettings = {
				ALWAYS_SEARCH_USER_PATHS = NO;
				CLANG_ANALYZER_NONNULL = YES;
				CLANG_ANALYZER_NUMBER_OBJECT_CONVERSION = YES_AGGRESSIVE;
				CLANG_CXX_LANGUAGE_STANDARD = "gnu++14";
				CLANG_CXX_LIBRARY = "libc++";
				CLANG_ENABLE_MODULES = YES;
				CLANG_ENABLE_OBJC_ARC = YES;
				CLANG_ENABLE_OBJC_WEAK = YES;
				CLANG_WARN_BLOCK_CAPTURE_AUTORELEASING = YES;
				CLANG_WARN_BOOL_CONVERSION = YES;
				CLANG_WARN_COMMA = YES;
				CLANG_WARN_CONSTANT_CONVERSION = YES;
				CLANG_WARN_DEPRECATED_OBJC_IMPLEMENTATIONS = YES;
				CLANG_WARN_DIRECT_OBJC_ISA_USAGE = YES_ERROR;
				CLANG_WARN_DOCUMENTATION_COMMENTS = YES;
				CLANG_WARN_EMPTY_BODY = YES;
				CLANG_WARN_ENUM_CONVERSION = YES;
				CLANG_WARN_INFINITE_RECURSION = YES;
				CLANG_WARN_INT_CONVERSION = YES;
				CLANG_WARN_NON_LITERAL_NULL_CONVERSION = YES;
				CLANG_WARN_OBJC_IMPLICIT_RETAIN_SELF = YES;
				CLANG_WARN_OBJC_LITERAL_CONVERSION = YES;
				CLANG_WARN_OBJC_ROOT_CLASS = YES_ERROR;
				CLANG_WARN_RANGE_LOOP_ANALYSIS = YES;
				CLANG_WARN_STRICT_PROTOTYPES = YES;
				CLANG_WARN_SUSPICIOUS_MOVE = YES;
				CLANG_WARN_UNGUARDED_AVAILABILITY = YES_AGGRESSIVE;
				CLANG_WARN_UNREACHABLE_CODE = YES;
				CLANG_WARN__DUPLICATE_METHOD_MATCH = YES;
				COPY_PHASE_STRIP = NO;
				DEBUG_INFORMATION_FORMAT = dwarf;
				ENABLE_STRICT_OBJC_MSGSEND = YES;
				ENABLE_TESTABILITY = YES;
				GCC_C_LANGUAGE_STANDARD = gnu11;
				GCC_DYNAMIC_NO_PIC = NO;
				GCC_NO_COMMON_BLOCKS = YES;
				GCC_OPTIMIZATION_LEVEL = 0;
				GCC_PREPROCESSOR_DEFINITIONS = (
					"DEBUG=1",
					"$(inherited)",
				);
				GCC_WARN_64_TO_32_BIT_CONVERSION = YES;
				GCC_WARN_ABOUT_RETURN_TYPE = YES_ERROR;
				GCC_WARN_UNDECLARED_SELECTOR = YES;
				GCC_WARN_UNINITIALIZED_AUTOS = YES_AGGRESSIVE;
				GCC_WARN_UNUSED_FUNCTION = YES;
				GCC_WARN_UNUSED_VARIABLE = YES;
				IPHONEOS_DEPLOYMENT_TARGET = 13.2;
				MTL_ENABLE_DEBUG_INFO = INCLUDE_SOURCE;
				MTL_FAST_MATH = YES;
				ONLY_ACTIVE_ARCH = YES;
				SDKROOT = iphoneos;
				SWIFT_ACTIVE_COMPILATION_CONDITIONS = DEBUG;
				SWIFT_OPTIMIZATION_LEVEL = "-Onone";
			};
			name = Debug;
		};
		013C909F245C83EC009264D9 /* Release */ = {
			isa = XCBuildConfiguration;
			buildSettings = {
				ALWAYS_SEARCH_USER_PATHS = NO;
				CLANG_ANALYZER_NONNULL = YES;
				CLANG_ANALYZER_NUMBER_OBJECT_CONVERSION = YES_AGGRESSIVE;
				CLANG_CXX_LANGUAGE_STANDARD = "gnu++14";
				CLANG_CXX_LIBRARY = "libc++";
				CLANG_ENABLE_MODULES = YES;
				CLANG_ENABLE_OBJC_ARC = YES;
				CLANG_ENABLE_OBJC_WEAK = YES;
				CLANG_WARN_BLOCK_CAPTURE_AUTORELEASING = YES;
				CLANG_WARN_BOOL_CONVERSION = YES;
				CLANG_WARN_COMMA = YES;
				CLANG_WARN_CONSTANT_CONVERSION = YES;
				CLANG_WARN_DEPRECATED_OBJC_IMPLEMENTATIONS = YES;
				CLANG_WARN_DIRECT_OBJC_ISA_USAGE = YES_ERROR;
				CLANG_WARN_DOCUMENTATION_COMMENTS = YES;
				CLANG_WARN_EMPTY_BODY = YES;
				CLANG_WARN_ENUM_CONVERSION = YES;
				CLANG_WARN_INFINITE_RECURSION = YES;
				CLANG_WARN_INT_CONVERSION = YES;
				CLANG_WARN_NON_LITERAL_NULL_CONVERSION = YES;
				CLANG_WARN_OBJC_IMPLICIT_RETAIN_SELF = YES;
				CLANG_WARN_OBJC_LITERAL_CONVERSION = YES;
				CLANG_WARN_OBJC_ROOT_CLASS = YES_ERROR;
				CLANG_WARN_RANGE_LOOP_ANALYSIS = YES;
				CLANG_WARN_STRICT_PROTOTYPES = YES;
				CLANG_WARN_SUSPICIOUS_MOVE = YES;
				CLANG_WARN_UNGUARDED_AVAILABILITY = YES_AGGRESSIVE;
				CLANG_WARN_UNREACHABLE_CODE = YES;
				CLANG_WARN__DUPLICATE_METHOD_MATCH = YES;
				COPY_PHASE_STRIP = NO;
				DEBUG_INFORMATION_FORMAT = "dwarf-with-dsym";
				ENABLE_NS_ASSERTIONS = NO;
				ENABLE_STRICT_OBJC_MSGSEND = YES;
				GCC_C_LANGUAGE_STANDARD = gnu11;
				GCC_NO_COMMON_BLOCKS = YES;
				GCC_WARN_64_TO_32_BIT_CONVERSION = YES;
				GCC_WARN_ABOUT_RETURN_TYPE = YES_ERROR;
				GCC_WARN_UNDECLARED_SELECTOR = YES;
				GCC_WARN_UNINITIALIZED_AUTOS = YES_AGGRESSIVE;
				GCC_WARN_UNUSED_FUNCTION = YES;
				GCC_WARN_UNUSED_VARIABLE = YES;
				IPHONEOS_DEPLOYMENT_TARGET = 13.2;
				MTL_ENABLE_DEBUG_INFO = NO;
				MTL_FAST_MATH = YES;
				SDKROOT = iphoneos;
				SWIFT_COMPILATION_MODE = wholemodule;
				SWIFT_OPTIMIZATION_LEVEL = "-O";
				VALIDATE_PRODUCT = YES;
			};
			name = Release;
		};
		013C90A1245C83EC009264D9 /* Debug */ = {
			isa = XCBuildConfiguration;
			buildSettings = {
				ASSETCATALOG_COMPILER_APPICON_NAME = AppIcon;
				CODE_SIGN_STYLE = Automatic;
				DEVELOPMENT_TEAM = AAH368357Z;
				INFOPLIST_FILE = skovoroda/Info.plist;
				LD_RUNPATH_SEARCH_PATHS = (
					"$(inherited)",
					"@executable_path/Frameworks",
				);
				PRODUCT_BUNDLE_IDENTIFIER = com.gyacsok.andras.skovoroda;
				PRODUCT_NAME = "$(TARGET_NAME)";
				SWIFT_VERSION = 5.0;
				TARGETED_DEVICE_FAMILY = "1,2";
			};
			name = Debug;
		};
		013C90A2245C83EC009264D9 /* Release */ = {
			isa = XCBuildConfiguration;
			buildSettings = {
				ASSETCATALOG_COMPILER_APPICON_NAME = AppIcon;
				CODE_SIGN_STYLE = Automatic;
				DEVELOPMENT_TEAM = AAH368357Z;
				INFOPLIST_FILE = skovoroda/Info.plist;
				LD_RUNPATH_SEARCH_PATHS = (
					"$(inherited)",
					"@executable_path/Frameworks",
				);
				PRODUCT_BUNDLE_IDENTIFIER = com.gyacsok.andras.skovoroda;
				PRODUCT_NAME = "$(TARGET_NAME)";
				SWIFT_VERSION = 5.0;
				TARGETED_DEVICE_FAMILY = "1,2";
			};
			name = Release;
		};
/* End XCBuildConfiguration section */

/* Begin XCConfigurationList section */
		013C9087245C83EA009264D9 /* Build configuration list for PBXProject "skovoroda" */ = {
			isa = XCConfigurationList;
			buildConfigurations = (
				013C909E245C83EC009264D9 /* Debug */,
				013C909F245C83EC009264D9 /* Release */,
			);
			defaultConfigurationIsVisible = 0;
			defaultConfigurationName = Release;
		};
		013C90A0245C83EC009264D9 /* Build configuration list for PBXNativeTarget "skovoroda" */ = {
			isa = XCConfigurationList;
			buildConfigurations = (
				013C90A1245C83EC009264D9 /* Debug */,
				013C90A2245C83EC009264D9 /* Release */,
			);
			defaultConfigurationIsVisible = 0;
			defaultConfigurationName = Release;
		};
/* End XCConfigurationList section */
	};
	rootObject = 013C9084245C83EA009264D9 /* Project object */;
}
